{
    "_readme": [
        "This file locks the dependencies of your project to a known state",
        "Read more about it at http://getcomposer.org/doc/01-basic-usage.md#composer-lock-the-lock-file"
    ],
    "hash": "60e4751928a11330e5130d411073f6d4",
    "packages": [
        {
            "name": "shuber/curl",
            "version": "dev-master",
            "source": {
                "type": "git",
                "url": "https://github.com/hamstar/curl.git",
                "reference": "03556aa2811cda00bbc4e587c63dac1bf8853167"
            },
            "dist": {
                "type": "zip",
                "url": "https://api.github.com/repos/hamstar/curl/zipball/03556aa2811cda00bbc4e587c63dac1bf8853167",
                "reference": "03556aa2811cda00bbc4e587c63dac1bf8853167",
                "shasum": ""
            },
            "type": "library",
            "autoload": {
                "files": [
                    "curl.php"
                ]
            },
            "notification-url": "https://packagist.org/downloads/",
            "license": [
                "MIT"
            ],
            "description": "PHP Wrapper for Curl",
            "keywords": [
                "bot",
                "curl",
                "scraper",
                "spider"
            ],
            "time": "2012-09-29 12:28:21"
        }
    ],
    "packages-dev": [

    ],
    "aliases": [

    ],
    "minimum-stability": "dev",
    "stability-flags": {
        "shuber/curl": 20
    },
    "platform": {
        "php": ">=5.3.21"
    },
    "platform-dev": [

    ]
}
